
Microsoft Visual Studio Solution File, Format Version 12.00
# Visual Studio Version 17
VisualStudioVersion = 17.6.33723.286
MinimumVisualStudioVersion = 10.0.40219.1
Project("{2150E333-8FDC-42A3-9474-1A3956D46DE8}") = "Src", "Src", "{3A83FD9C-34F8-43FD-8FD3-8AF2E536B48A}"
EndProject
Project("{9A19103F-16F7-4668-BE54-9A1E7A4F7556}") = "WinFileExplorerGbxPreview.Thumbnail", "Src\WinFileExplorerGbxPreview.Thumbnail\WinFileExplorerGbxPreview.Thumbnail.csproj", "{9F827B78-A8A0-4977-8B23-7CB31240C264}"
EndProject
Project("{9A19103F-16F7-4668-BE54-9A1E7A4F7556}") = "WinFileExplorerGbxPreview.IconOverlay", "Src\WinFileExplorerGbxPreview.IconOverlay\WinFileExplorerGbxPreview.IconOverlay.csproj", "{52AD36BA-3F3D-467B-843B-EA2326D3F893}"
EndProject
Project("{2150E333-8FDC-42A3-9474-1A3956D46DE8}") = "Tests", "Tests", "{67C09BCE-2039-44B1-9BFD-E33F88315C07}"
EndProject
Project("{FAE04EC0-301F-11D3-BF4B-00C04F79EFBC}") = "WinFileExplorerGbxPreview.Thumbnail.Tests", "Tests\WinFileExplorerGbxPreview.Thumbnail.Tests\WinFileExplorerGbxPreview.Thumbnail.Tests.csproj", "{805E7D17-5C79-40DD-BC71-5E23F7DE0C4C}"
EndProject
Project("{2150E333-8FDC-42A3-9474-1A3956D46DE8}") = "Položky řešení", "Položky řešení", "{C5A664EA-FABF-42BC-AFE2-730933959498}"
	ProjectSection(SolutionItems) = preProject
		README.md = README.md
	EndProjectSection
EndProject
Project("{2150E333-8FDC-42A3-9474-1A3956D46DE8}") = "Installers", "Installers", "{B23CE356-30C4-4D8E-8E9C-FAD8527AE8BC}"
EndProject
Project("{B7DD6F7E-DEF8-4E67-B5B7-07EF123DB6F0}") = "WinFileExplorerGbxPreview", "WinFileExplorerGbxPreview\WinFileExplorerGbxPreview.wixproj", "{8BD05DE9-5F0A-46FF-A585-2F65B2122EB2}"
EndProject
Global
	GlobalSection(SolutionConfigurationPlatforms) = preSolution
		Debug|Any CPU = Debug|Any CPU
		Debug|ARM64 = Debug|ARM64
		Debug|x64 = Debug|x64
		Debug|x86 = Debug|x86
		Release|Any CPU = Release|Any CPU
		Release|ARM64 = Release|ARM64
		Release|x64 = Release|x64
		Release|x86 = Release|x86
	EndGlobalSection
	GlobalSection(ProjectConfigurationPlatforms) = postSolution
		{9F827B78-A8A0-4977-8B23-7CB31240C264}.Debug|Any CPU.ActiveCfg = Debug|Any CPU
		{9F827B78-A8A0-4977-8B23-7CB31240C264}.Debug|Any CPU.Build.0 = Debug|Any CPU
		{9F827B78-A8A0-4977-8B23-7CB31240C264}.Debug|ARM64.ActiveCfg = Debug|Any CPU
		{9F827B78-A8A0-4977-8B23-7CB31240C264}.Debug|ARM64.Build.0 = Debug|Any CPU
		{9F827B78-A8A0-4977-8B23-7CB31240C264}.Debug|x64.ActiveCfg = Debug|Any CPU
		{9F827B78-A8A0-4977-8B23-7CB31240C264}.Debug|x64.Build.0 = Debug|Any CPU
		{9F827B78-A8A0-4977-8B23-7CB31240C264}.Debug|x86.ActiveCfg = Debug|Any CPU
		{9F827B78-A8A0-4977-8B23-7CB31240C264}.Debug|x86.Build.0 = Debug|Any CPU
		{9F827B78-A8A0-4977-8B23-7CB31240C264}.Release|Any CPU.ActiveCfg = Release|Any CPU
		{9F827B78-A8A0-4977-8B23-7CB31240C264}.Release|Any CPU.Build.0 = Release|Any CPU
		{9F827B78-A8A0-4977-8B23-7CB31240C264}.Release|ARM64.ActiveCfg = Release|Any CPU
		{9F827B78-A8A0-4977-8B23-7CB31240C264}.Release|ARM64.Build.0 = Release|Any CPU
		{9F827B78-A8A0-4977-8B23-7CB31240C264}.Release|x64.ActiveCfg = Release|Any CPU
		{9F827B78-A8A0-4977-8B23-7CB31240C264}.Release|x64.Build.0 = Release|Any CPU
		{9F827B78-A8A0-4977-8B23-7CB31240C264}.Release|x86.ActiveCfg = Release|Any CPU
		{9F827B78-A8A0-4977-8B23-7CB31240C264}.Release|x86.Build.0 = Release|Any CPU
		{52AD36BA-3F3D-467B-843B-EA2326D3F893}.Debug|Any CPU.ActiveCfg = Debug|Any CPU
		{52AD36BA-3F3D-467B-843B-EA2326D3F893}.Debug|Any CPU.Build.0 = Debug|Any CPU
		{52AD36BA-3F3D-467B-843B-EA2326D3F893}.Debug|ARM64.ActiveCfg = Debug|Any CPU
		{52AD36BA-3F3D-467B-843B-EA2326D3F893}.Debug|ARM64.Build.0 = Debug|Any CPU
		{52AD36BA-3F3D-467B-843B-EA2326D3F893}.Debug|x64.ActiveCfg = Debug|Any CPU
		{52AD36BA-3F3D-467B-843B-EA2326D3F893}.Debug|x64.Build.0 = Debug|Any CPU
		{52AD36BA-3F3D-467B-843B-EA2326D3F893}.Debug|x86.ActiveCfg = Debug|Any CPU
		{52AD36BA-3F3D-467B-843B-EA2326D3F893}.Debug|x86.Build.0 = Debug|Any CPU
		{52AD36BA-3F3D-467B-843B-EA2326D3F893}.Release|Any CPU.ActiveCfg = Release|Any CPU
		{52AD36BA-3F3D-467B-843B-EA2326D3F893}.Release|Any CPU.Build.0 = Release|Any CPU
		{52AD36BA-3F3D-467B-843B-EA2326D3F893}.Release|ARM64.ActiveCfg = Release|Any CPU
		{52AD36BA-3F3D-467B-843B-EA2326D3F893}.Release|ARM64.Build.0 = Release|Any CPU
		{52AD36BA-3F3D-467B-843B-EA2326D3F893}.Release|x64.ActiveCfg = Release|Any CPU
		{52AD36BA-3F3D-467B-843B-EA2326D3F893}.Release|x64.Build.0 = Release|Any CPU
		{52AD36BA-3F3D-467B-843B-EA2326D3F893}.Release|x86.ActiveCfg = Release|Any CPU
		{52AD36BA-3F3D-467B-843B-EA2326D3F893}.Release|x86.Build.0 = Release|Any CPU
		{805E7D17-5C79-40DD-BC71-5E23F7DE0C4C}.Debug|Any CPU.ActiveCfg = Debug|Any CPU
		{805E7D17-5C79-40DD-BC71-5E23F7DE0C4C}.Debug|Any CPU.Build.0 = Debug|Any CPU
		{805E7D17-5C79-40DD-BC71-5E23F7DE0C4C}.Debug|ARM64.ActiveCfg = Debug|Any CPU
		{805E7D17-5C79-40DD-BC71-5E23F7DE0C4C}.Debug|ARM64.Build.0 = Debug|Any CPU
		{805E7D17-5C79-40DD-BC71-5E23F7DE0C4C}.Debug|x64.ActiveCfg = Debug|Any CPU
		{805E7D17-5C79-40DD-BC71-5E23F7DE0C4C}.Debug|x64.Build.0 = Debug|Any CPU
		{805E7D17-5C79-40DD-BC71-5E23F7DE0C4C}.Debug|x86.ActiveCfg = Debug|Any CPU
		{805E7D17-5C79-40DD-BC71-5E23F7DE0C4C}.Debug|x86.Build.0 = Debug|Any CPU
		{805E7D17-5C79-40DD-BC71-5E23F7DE0C4C}.Release|Any CPU.ActiveCfg = Release|Any CPU
		{805E7D17-5C79-40DD-BC71-5E23F7DE0C4C}.Release|Any CPU.Build.0 = Release|Any CPU
		{805E7D17-5C79-40DD-BC71-5E23F7DE0C4C}.Release|ARM64.ActiveCfg = Release|Any CPU
		{805E7D17-5C79-40DD-BC71-5E23F7DE0C4C}.Release|ARM64.Build.0 = Release|Any CPU
		{805E7D17-5C79-40DD-BC71-5E23F7DE0C4C}.Release|x64.ActiveCfg = Release|Any CPU
		{805E7D17-5C79-40DD-BC71-5E23F7DE0C4C}.Release|x64.Build.0 = Release|Any CPU
		{805E7D17-5C79-40DD-BC71-5E23F7DE0C4C}.Release|x86.ActiveCfg = Release|Any CPU
		{805E7D17-5C79-40DD-BC71-5E23F7DE0C4C}.Release|x86.Build.0 = Release|Any CPU
		{8BD05DE9-5F0A-46FF-A585-2F65B2122EB2}.Debug|Any CPU.ActiveCfg = Debug|x64
		{8BD05DE9-5F0A-46FF-A585-2F65B2122EB2}.Debug|Any CPU.Build.0 = Debug|x64
		{8BD05DE9-5F0A-46FF-A585-2F65B2122EB2}.Debug|ARM64.ActiveCfg = Debug|ARM64
		{8BD05DE9-5F0A-46FF-A585-2F65B2122EB2}.Debug|ARM64.Build.0 = Debug|ARM64
		{8BD05DE9-5F0A-46FF-A585-2F65B2122EB2}.Debug|x64.ActiveCfg = Debug|x64
		{8BD05DE9-5F0A-46FF-A585-2F65B2122EB2}.Debug|x64.Build.0 = Debug|x64
		{8BD05DE9-5F0A-46FF-A585-2F65B2122EB2}.Debug|x86.ActiveCfg = Debug|x86
		{8BD05DE9-5F0A-46FF-A585-2F65B2122EB2}.Debug|x86.Build.0 = Debug|x86
		{8BD05DE9-5F0A-46FF-A585-2F65B2122EB2}.Release|Any CPU.ActiveCfg = Release|x64
		{8BD05DE9-5F0A-46FF-A585-2F65B2122EB2}.Release|Any CPU.Build.0 = Release|x64
		{8BD05DE9-5F0A-46FF-A585-2F65B2122EB2}.Release|ARM64.ActiveCfg = Release|ARM64
		{8BD05DE9-5F0A-46FF-A585-2F65B2122EB2}.Release|ARM64.Build.0 = Release|ARM64
		{8BD05DE9-5F0A-46FF-A585-2F65B2122EB2}.Release|x64.ActiveCfg = Release|x64
		{8BD05DE9-5F0A-46FF-A585-2F65B2122EB2}.Release|x64.Build.0 = Release|x64
		{8BD05DE9-5F0A-46FF-A585-2F65B2122EB2}.Release|x86.ActiveCfg = Release|x86
		{8BD05DE9-5F0A-46FF-A585-2F65B2122EB2}.Release|x86.Build.0 = Release|x86
	EndGlobalSection
	GlobalSection(SolutionProperties) = preSolution
		HideSolutionNode = FALSE
	EndGlobalSection
	GlobalSection(NestedProjects) = preSolution
		{9F827B78-A8A0-4977-8B23-7CB31240C264} = {3A83FD9C-34F8-43FD-8FD3-8AF2E536B48A}
		{52AD36BA-3F3D-467B-843B-EA2326D3F893} = {3A83FD9C-34F8-43FD-8FD3-8AF2E536B48A}
		{805E7D17-5C79-40DD-BC71-5E23F7DE0C4C} = {67C09BCE-2039-44B1-9BFD-E33F88315C07}
		{8BD05DE9-5F0A-46FF-A585-2F65B2122EB2} = {B23CE356-30C4-4D8E-8E9C-FAD8527AE8BC}
	EndGlobalSection
	GlobalSection(ExtensibilityGlobals) = postSolution
		SolutionGuid = {BBAFCD2B-7E04-48A0-A832-4989FCB5BEEF}
	EndGlobalSection
EndGlobal
